
Microsoft Visual Studio Solution File, Format Version 12.00
# Visual Studio 14
VisualStudioVersion = 14.0.23107.0
MinimumVisualStudioVersion = 10.0.40219.1
Project("{2150E333-8FDC-42A3-9474-1A3956D46DE8}") = ".nuget", ".nuget", "{4590B375-5C6D-4A77-A625-4AB4302556BA}"
	ProjectSection(SolutionItems) = preProject
		.nuget\NuGet.Config = .nuget\NuGet.Config
		.nuget\NuGet.exe = .nuget\NuGet.exe
		.nuget\NuGet.targets = .nuget\NuGet.targets
	EndProjectSection
EndProject
Project("{FAE04EC0-301F-11D3-BF4B-00C04F79EFBC}") = "Pixelator.Console", "Pixelator.Console\Pixelator.Console.csproj", "{18647B9A-3710-4CB4-B888-AAA5332D07A3}"
EndProject
Project("{FAE04EC0-301F-11D3-BF4B-00C04F79EFBC}") = "Pixelator.WindowsRT", "Pixelator.WindowsRT\Pixelator.WindowsRT.csproj", "{5665A1DE-E8C6-44A9-AADF-A8DBF6C0CCBF}"
EndProject
Project("{FAE04EC0-301F-11D3-BF4B-00C04F79EFBC}") = "Pixelator.Core", "Pixelator.Core\Pixelator.Core.csproj", "{15B83E1E-5C05-46EC-A7CC-8694F9713E5E}"
EndProject
Project("{FAE04EC0-301F-11D3-BF4B-00C04F79EFBC}") = "Pixelator.WindowsUWP", "Pixelator.WindowsUWP\Pixelator.WindowsUWP.csproj", "{0A7B0C2C-06B8-4E01-BC86-87F730682E8B}"
EndProject
Project("{FAE04EC0-301F-11D3-BF4B-00C04F79EFBC}") = "Pixelator.UniversalNav", "Pixelator.UniversalNav\Pixelator.UniversalNav.csproj", "{73EB87AD-E986-4DA1-99BE-338EF83564AA}"
EndProject
Global
	GlobalSection(SolutionConfigurationPlatforms) = preSolution
		Debug|Any CPU = Debug|Any CPU
		Debug|ARM = Debug|ARM
		Debug|x64 = Debug|x64
		Debug|x86 = Debug|x86
		Release|Any CPU = Release|Any CPU
		Release|ARM = Release|ARM
		Release|x64 = Release|x64
		Release|x86 = Release|x86
	EndGlobalSection
	GlobalSection(ProjectConfigurationPlatforms) = postSolution
		{18647B9A-3710-4CB4-B888-AAA5332D07A3}.Debug|Any CPU.ActiveCfg = Debug|Any CPU
		{18647B9A-3710-4CB4-B888-AAA5332D07A3}.Debug|Any CPU.Build.0 = Debug|Any CPU
		{18647B9A-3710-4CB4-B888-AAA5332D07A3}.Debug|ARM.ActiveCfg = Debug|Any CPU
		{18647B9A-3710-4CB4-B888-AAA5332D07A3}.Debug|x64.ActiveCfg = Debug|Any CPU
		{18647B9A-3710-4CB4-B888-AAA5332D07A3}.Debug|x86.ActiveCfg = Debug|Any CPU
		{18647B9A-3710-4CB4-B888-AAA5332D07A3}.Release|Any CPU.ActiveCfg = Release|Any CPU
		{18647B9A-3710-4CB4-B888-AAA5332D07A3}.Release|Any CPU.Build.0 = Release|Any CPU
		{18647B9A-3710-4CB4-B888-AAA5332D07A3}.Release|ARM.ActiveCfg = Release|Any CPU
		{18647B9A-3710-4CB4-B888-AAA5332D07A3}.Release|x64.ActiveCfg = Release|Any CPU
		{18647B9A-3710-4CB4-B888-AAA5332D07A3}.Release|x86.ActiveCfg = Release|Any CPU
		{5665A1DE-E8C6-44A9-AADF-A8DBF6C0CCBF}.Debug|Any CPU.ActiveCfg = Debug|Any CPU
		{5665A1DE-E8C6-44A9-AADF-A8DBF6C0CCBF}.Debug|Any CPU.Build.0 = Debug|Any CPU
		{5665A1DE-E8C6-44A9-AADF-A8DBF6C0CCBF}.Debug|Any CPU.Deploy.0 = Debug|Any CPU
		{5665A1DE-E8C6-44A9-AADF-A8DBF6C0CCBF}.Debug|ARM.ActiveCfg = Debug|ARM
		{5665A1DE-E8C6-44A9-AADF-A8DBF6C0CCBF}.Debug|ARM.Build.0 = Debug|ARM
		{5665A1DE-E8C6-44A9-AADF-A8DBF6C0CCBF}.Debug|ARM.Deploy.0 = Debug|ARM
		{5665A1DE-E8C6-44A9-AADF-A8DBF6C0CCBF}.Debug|x64.ActiveCfg = Debug|x64
		{5665A1DE-E8C6-44A9-AADF-A8DBF6C0CCBF}.Debug|x64.Build.0 = Debug|x64
		{5665A1DE-E8C6-44A9-AADF-A8DBF6C0CCBF}.Debug|x64.Deploy.0 = Debug|x64
		{5665A1DE-E8C6-44A9-AADF-A8DBF6C0CCBF}.Debug|x86.ActiveCfg = Debug|x86
		{5665A1DE-E8C6-44A9-AADF-A8DBF6C0CCBF}.Debug|x86.Build.0 = Debug|x86
		{5665A1DE-E8C6-44A9-AADF-A8DBF6C0CCBF}.Debug|x86.Deploy.0 = Debug|x86
		{5665A1DE-E8C6-44A9-AADF-A8DBF6C0CCBF}.Release|Any CPU.ActiveCfg = Release|Any CPU
		{5665A1DE-E8C6-44A9-AADF-A8DBF6C0CCBF}.Release|Any CPU.Build.0 = Release|Any CPU
		{5665A1DE-E8C6-44A9-AADF-A8DBF6C0CCBF}.Release|Any CPU.Deploy.0 = Release|Any CPU
		{5665A1DE-E8C6-44A9-AADF-A8DBF6C0CCBF}.Release|ARM.ActiveCfg = Release|ARM
		{5665A1DE-E8C6-44A9-AADF-A8DBF6C0CCBF}.Release|ARM.Build.0 = Release|ARM
		{5665A1DE-E8C6-44A9-AADF-A8DBF6C0CCBF}.Release|ARM.Deploy.0 = Release|ARM
		{5665A1DE-E8C6-44A9-AADF-A8DBF6C0CCBF}.Release|x64.ActiveCfg = Release|x64
		{5665A1DE-E8C6-44A9-AADF-A8DBF6C0CCBF}.Release|x64.Build.0 = Release|x64
		{5665A1DE-E8C6-44A9-AADF-A8DBF6C0CCBF}.Release|x64.Deploy.0 = Release|x64
		{5665A1DE-E8C6-44A9-AADF-A8DBF6C0CCBF}.Release|x86.ActiveCfg = Release|x86
		{5665A1DE-E8C6-44A9-AADF-A8DBF6C0CCBF}.Release|x86.Build.0 = Release|x86
		{5665A1DE-E8C6-44A9-AADF-A8DBF6C0CCBF}.Release|x86.Deploy.0 = Release|x86
		{15B83E1E-5C05-46EC-A7CC-8694F9713E5E}.Debug|Any CPU.ActiveCfg = Debug|Any CPU
		{15B83E1E-5C05-46EC-A7CC-8694F9713E5E}.Debug|Any CPU.Build.0 = Debug|Any CPU
		{15B83E1E-5C05-46EC-A7CC-8694F9713E5E}.Debug|ARM.ActiveCfg = Debug|ARM
		{15B83E1E-5C05-46EC-A7CC-8694F9713E5E}.Debug|ARM.Build.0 = Debug|ARM
		{15B83E1E-5C05-46EC-A7CC-8694F9713E5E}.Debug|x64.ActiveCfg = Debug|x64
		{15B83E1E-5C05-46EC-A7CC-8694F9713E5E}.Debug|x64.Build.0 = Debug|x64
		{15B83E1E-5C05-46EC-A7CC-8694F9713E5E}.Debug|x86.ActiveCfg = Debug|x86
		{15B83E1E-5C05-46EC-A7CC-8694F9713E5E}.Debug|x86.Build.0 = Debug|x86
		{15B83E1E-5C05-46EC-A7CC-8694F9713E5E}.Release|Any CPU.ActiveCfg = Release|Any CPU
		{15B83E1E-5C05-46EC-A7CC-8694F9713E5E}.Release|Any CPU.Build.0 = Release|Any CPU
		{15B83E1E-5C05-46EC-A7CC-8694F9713E5E}.Release|ARM.ActiveCfg = Release|ARM
		{15B83E1E-5C05-46EC-A7CC-8694F9713E5E}.Release|ARM.Build.0 = Release|ARM
		{15B83E1E-5C05-46EC-A7CC-8694F9713E5E}.Release|x64.ActiveCfg = Release|x64
		{15B83E1E-5C05-46EC-A7CC-8694F9713E5E}.Release|x64.Build.0 = Release|x64
		{15B83E1E-5C05-46EC-A7CC-8694F9713E5E}.Release|x86.ActiveCfg = Release|x86
		{15B83E1E-5C05-46EC-A7CC-8694F9713E5E}.Release|x86.Build.0 = Release|x86
		{0A7B0C2C-06B8-4E01-BC86-87F730682E8B}.Debug|Any CPU.ActiveCfg = Debug|ARM
		{0A7B0C2C-06B8-4E01-BC86-87F730682E8B}.Debug|Any CPU.Build.0 = Debug|ARM
		{0A7B0C2C-06B8-4E01-BC86-87F730682E8B}.Debug|Any CPU.Deploy.0 = Debug|ARM
		{0A7B0C2C-06B8-4E01-BC86-87F730682E8B}.Debug|ARM.ActiveCfg = Debug|ARM
		{0A7B0C2C-06B8-4E01-BC86-87F730682E8B}.Debug|ARM.Build.0 = Debug|ARM
		{0A7B0C2C-06B8-4E01-BC86-87F730682E8B}.Debug|ARM.Deploy.0 = Debug|ARM
		{0A7B0C2C-06B8-4E01-BC86-87F730682E8B}.Debug|x64.ActiveCfg = Debug|x64
		{0A7B0C2C-06B8-4E01-BC86-87F730682E8B}.Debug|x64.Build.0 = Debug|x64
		{0A7B0C2C-06B8-4E01-BC86-87F730682E8B}.Debug|x64.Deploy.0 = Debug|x64
		{0A7B0C2C-06B8-4E01-BC86-87F730682E8B}.Debug|x86.ActiveCfg = Debug|x86
		{0A7B0C2C-06B8-4E01-BC86-87F730682E8B}.Debug|x86.Build.0 = Debug|x86
		{0A7B0C2C-06B8-4E01-BC86-87F730682E8B}.Debug|x86.Deploy.0 = Debug|x86
		{0A7B0C2C-06B8-4E01-BC86-87F730682E8B}.Release|Any CPU.ActiveCfg = Release|x86
		{0A7B0C2C-06B8-4E01-BC86-87F730682E8B}.Release|ARM.ActiveCfg = Release|ARM
		{0A7B0C2C-06B8-4E01-BC86-87F730682E8B}.Release|ARM.Build.0 = Release|ARM
		{0A7B0C2C-06B8-4E01-BC86-87F730682E8B}.Release|ARM.Deploy.0 = Release|ARM
		{0A7B0C2C-06B8-4E01-BC86-87F730682E8B}.Release|x64.ActiveCfg = Release|x64
		{0A7B0C2C-06B8-4E01-BC86-87F730682E8B}.Release|x64.Build.0 = Release|x64
		{0A7B0C2C-06B8-4E01-BC86-87F730682E8B}.Release|x64.Deploy.0 = Release|x64
		{0A7B0C2C-06B8-4E01-BC86-87F730682E8B}.Release|x86.ActiveCfg = Release|x86
		{0A7B0C2C-06B8-4E01-BC86-87F730682E8B}.Release|x86.Build.0 = Release|x86
		{0A7B0C2C-06B8-4E01-BC86-87F730682E8B}.Release|x86.Deploy.0 = Release|x86
		{73EB87AD-E986-4DA1-99BE-338EF83564AA}.Debug|Any CPU.ActiveCfg = Debug|x86
		{73EB87AD-E986-4DA1-99BE-338EF83564AA}.Debug|ARM.ActiveCfg = Debug|ARM
		{73EB87AD-E986-4DA1-99BE-338EF83564AA}.Debug|ARM.Build.0 = Debug|ARM
		{73EB87AD-E986-4DA1-99BE-338EF83564AA}.Debug|ARM.Deploy.0 = Debug|ARM
		{73EB87AD-E986-4DA1-99BE-338EF83564AA}.Debug|x64.ActiveCfg = Debug|x64
		{73EB87AD-E986-4DA1-99BE-338EF83564AA}.Debug|x64.Build.0 = Debug|x64
		{73EB87AD-E986-4DA1-99BE-338EF83564AA}.Debug|x64.Deploy.0 = Debug|x64
		{73EB87AD-E986-4DA1-99BE-338EF83564AA}.Debug|x86.ActiveCfg = Debug|x86
		{73EB87AD-E986-4DA1-99BE-338EF83564AA}.Debug|x86.Build.0 = Debug|x86
		{73EB87AD-E986-4DA1-99BE-338EF83564AA}.Debug|x86.Deploy.0 = Debug|x86
		{73EB87AD-E986-4DA1-99BE-338EF83564AA}.Release|Any CPU.ActiveCfg = Release|x86
		{73EB87AD-E986-4DA1-99BE-338EF83564AA}.Release|ARM.ActiveCfg = Release|ARM
		{73EB87AD-E986-4DA1-99BE-338EF83564AA}.Release|ARM.Build.0 = Release|ARM
		{73EB87AD-E986-4DA1-99BE-338EF83564AA}.Release|ARM.Deploy.0 = Release|ARM
		{73EB87AD-E986-4DA1-99BE-338EF83564AA}.Release|x64.ActiveCfg = Release|x64
		{73EB87AD-E986-4DA1-99BE-338EF83564AA}.Release|x64.Build.0 = Release|x64
		{73EB87AD-E986-4DA1-99BE-338EF83564AA}.Release|x64.Deploy.0 = Release|x64
		{73EB87AD-E986-4DA1-99BE-338EF83564AA}.Release|x86.ActiveCfg = Release|x86
		{73EB87AD-E986-4DA1-99BE-338EF83564AA}.Release|x86.Build.0 = Release|x86
		{73EB87AD-E986-4DA1-99BE-338EF83564AA}.Release|x86.Deploy.0 = Release|x86
	EndGlobalSection
	GlobalSection(SolutionProperties) = preSolution
		HideSolutionNode = FALSE
	EndGlobalSection
EndGlobal
